Microsoft Visual Studio Solution File, Format Version 12.00
# Visual Studio Version 17
VisualStudioVersion = 17.11.35208.52
MinimumVisualStudioVersion = 10.0.40219.1
Project("{9A19103F-16F7-4668-BE54-9A1E7A4F7556}") = "PortLog", "PortLog\PortLog.csproj", "{AF4129E5-C875-A916-BBA9-3CAEB98798FB}"
EndProject
Project("{FAE04EC0-301F-11D3-BF4B-00C04F79EFBC}") = "PortLog.Testing", "PortLog.Testing\PortLog.Testing.csproj", "{8AFFC134-0874-463B-AD28-757E31453590}"
EndProject
Global
	GlobalSection(SolutionConfigurationPlatforms) = preSolution
		Debug|Any CPU = Debug|Any CPU
		Release|Any CPU = Release|Any CPU
	EndGlobalSection
	GlobalSection(ProjectConfigurationPlatforms) = postSolution
		{AF4129E5-C875-A916-BBA9-3CAEB98798FB}.Debug|Any CPU.ActiveCfg = Debug|Any CPU
		{AF4129E5-C875-A916-BBA9-3CAEB98798FB}.Debug|Any CPU.Build.0 = Debug|Any CPU
		{AF4129E5-C875-A916-BBA9-3CAEB98798FB}.Release|Any CPU.ActiveCfg = Release|Any CPU
		{AF4129E5-C875-A916-BBA9-3CAEB98798FB}.Release|Any CPU.Build.0 = Release|Any CPU
		{8AFFC134-0874-463B-AD28-757E31453590}.Debug|Any CPU.ActiveCfg = Debug|Any CPU
		{8AFFC134-0874-463B-AD28-757E31453590}.Debug|Any CPU.Build.0 = Debug|Any CPU
		{8AFFC134-0874-463B-AD28-757E31453590}.Release|Any CPU.ActiveCfg = Release|Any CPU
		{8AFFC134-0874-463B-AD28-757E31453590}.Release|Any CPU.Build.0 = Release|Any CPU
	EndGlobalSection
	GlobalSection(SolutionProperties) = preSolution
		HideSolutionNode = FALSE
	EndGlobalSection
	GlobalSection(ExtensibilityGlobals) = postSolution
		SolutionGuid = {AE3E1198-39E2-464B-875F-8C38F5376406}
	EndGlobalSection
EndGlobal
